
Microsoft Visual Studio Solution File, Format Version 12.00
# Visual Studio Version 16
VisualStudioVersion = 16.0.31112.23
MinimumVisualStudioVersion = 10.0.40219.1
Project("{FAE04EC0-301F-11D3-BF4B-00C04F79EFBC}") = "Task2.TextCalculator.WebApi", "Task2.TextCalculator.WebApi\Task2.TextCalculator.WebApi.csproj", "{652E8AA1-2EA0-485D-8E91-C6E39D2A5A7D}"
EndProject
Project("{FAE04EC0-301F-11D3-BF4B-00C04F79EFBC}") = "TextCalculator.BusinessLayer", "TextCalculator.BusinessLayer\TextCalculator.BusinessLayer.csproj", "{C305F015-8746-43B8-AEE8-0B03E3BF2A40}"
EndProject
Global
	GlobalSection(SolutionConfigurationPlatforms) = preSolution
		Debug|Any CPU = Debug|Any CPU
		Release|Any CPU = Release|Any CPU
	EndGlobalSection
	GlobalSection(ProjectConfigurationPlatforms) = postSolution
		{652E8AA1-2EA0-485D-8E91-C6E39D2A5A7D}.Debug|Any CPU.ActiveCfg = Debug|Any CPU
		{652E8AA1-2EA0-485D-8E91-C6E39D2A5A7D}.Debug|Any CPU.Build.0 = Debug|Any CPU
		{652E8AA1-2EA0-485D-8E91-C6E39D2A5A7D}.Release|Any CPU.ActiveCfg = Release|Any CPU
		{652E8AA1-2EA0-485D-8E91-C6E39D2A5A7D}.Release|Any CPU.Build.0 = Release|Any CPU
		{C305F015-8746-43B8-AEE8-0B03E3BF2A40}.Debug|Any CPU.ActiveCfg = Debug|Any CPU
		{C305F015-8746-43B8-AEE8-0B03E3BF2A40}.Debug|Any CPU.Build.0 = Debug|Any CPU
		{C305F015-8746-43B8-AEE8-0B03E3BF2A40}.Release|Any CPU.ActiveCfg = Release|Any CPU
		{C305F015-8746-43B8-AEE8-0B03E3BF2A40}.Release|Any CPU.Build.0 = Release|Any CPU
	EndGlobalSection
	GlobalSection(SolutionProperties) = preSolution
		HideSolutionNode = FALSE
	EndGlobalSection
	GlobalSection(ExtensibilityGlobals) = postSolution
		SolutionGuid = {60744A50-5F08-4371-B4D5-5DE92B3A3D67}
	EndGlobalSection
EndGlobal
